---
lockfileVersion: '9.0'

importers:

  .:
    configDependencies: {}
    packageManagerDependencies:
      pnpm:
        specifier: 12.0.0-rc.8
        version: 12.0.0-rc.8

packages:

  '@pnpm/exe.darwin-arm64@12.0.0-rc.8':
    resolution: {integrity: sha512-XYgZKxljZDstk+AWEL9c7VVtOYXy2axsNuovybAiZdn3Te2UtpijeaflwVhoHGDuyNKn1Kx/732efkDuAmaVvQ==}
    cpu: [arm64]
    os: [darwin]

  '@pnpm/exe.darwin-x64@12.0.0-rc.8':
    resolution: {integrity: sha512-Sp7QH8SE4oUyq1H27vEN2EwMu71Ai2hnaD7I51RDb9XgoyzkCqPvOS4ArTacF6PHzem83DikM96ri8UALNnBYg==}
    cpu: [x64]
    os: [darwin]

  '@pnpm/exe.linux-arm64-musl@12.0.0-rc.8':
    resolution: {integrity: sha512-zDykZQZSheZqwJhtFXOXB6jJdzYM7/e63TM4yDwFGulu1wglsXzlxUbGXe4h/JoARaTxi3aNNrY/vjPA3qE0RA==}
    cpu: [arm64]
    os: [linux]
    libc: [musl]

  '@pnpm/exe.linux-arm64@12.0.0-rc.8':
    resolution: {integrity: sha512-cB4h4MuzTCUGJ+jwOTLq+Mn6v5ACqmr63OuFhbfjXtaGGsevEdNkOpDZPVTECtrL9QafgxHwSwXOHDuX+khXSg==}
    cpu: [arm64]
    os: [linux]
    libc: [glibc]

  '@pnpm/exe.linux-x64-musl@12.0.0-rc.8':
    resolution: {integrity: sha512-nATQIAF7FhZURrb5pchSxGln+Oo2AIQk/pLmiPY4CImQpqQA3kfCFA3cIpR0B5Wd+YLSztXnOfbmtIi2JqC+tw==}
    cpu: [x64]
    os: [linux]
    libc: [musl]

  '@pnpm/exe.linux-x64@12.0.0-rc.8':
    resolution: {integrity: sha512-hyl3+mcTHO29oAM7nlsSlZBDaVQa1EOKIJk6UP89w0YvEcW7QlFmqrIkyVU/WdVi4/zfMnlokvz5+Goa+plPzg==}
    cpu: [x64]
    os: [linux]
    libc: [glibc]

  '@pnpm/exe.win32-arm64@12.0.0-rc.8':
    resolution: {integrity: sha512-C8zZEjUT/c4XgWdSAxga7hd+ycCbYFG+odYUxBNajgcAvihT9K0jkLQy1ZjjFnioSjOelTU1hBBcTvNE4rmHdw==}
    cpu: [arm64]
    os: [win32]

  '@pnpm/exe.win32-x64@12.0.0-rc.8':
    resolution: {integrity: sha512-qMIjnUQZvADhJd8dIlvJ9P6TJwwp2umZfD2/JMJ9ioMx53dCOtvsjMMOQTHabsDuJNWz/xZPQBa7BkPpiOzXeA==}
    cpu: [x64]
    os: [win32]

  pnpm@12.0.0-rc.8:
    resolution: {integrity: sha512-mmOJqeXlh1fc2f4BG6gmN9tGQOD9+zc+wzVuXK9s+cvWrXaQsDD2eRU7M9QMJKm+blPnU0/B8Q3cqFXn8dci1g==}
    engines: {node: '>=18.*'}
    hasBin: true

snapshots:

  '@pnpm/exe.darwin-arm64@12.0.0-rc.8':
    optional: true

  '@pnpm/exe.darwin-x64@12.0.0-rc.8':
    optional: true

  '@pnpm/exe.linux-arm64-musl@12.0.0-rc.8':
    optional: true

  '@pnpm/exe.linux-arm64@12.0.0-rc.8':
    optional: true

  '@pnpm/exe.linux-x64-musl@12.0.0-rc.8':
    optional: true

  '@pnpm/exe.linux-x64@12.0.0-rc.8':
    optional: true

  '@pnpm/exe.win32-arm64@12.0.0-rc.8':
    optional: true

  '@pnpm/exe.win32-x64@12.0.0-rc.8':
    optional: true

  pnpm@12.0.0-rc.8:
    optionalDependencies:
      '@pnpm/exe.darwin-arm64': 12.0.0-rc.8
      '@pnpm/exe.darwin-x64': 12.0.0-rc.8
      '@pnpm/exe.linux-arm64': 12.0.0-rc.8
      '@pnpm/exe.linux-arm64-musl': 12.0.0-rc.8
      '@pnpm/exe.linux-x64': 12.0.0-rc.8
      '@pnpm/exe.linux-x64-musl': 12.0.0-rc.8
      '@pnpm/exe.win32-arm64': 12.0.0-rc.8
      '@pnpm/exe.win32-x64': 12.0.0-rc.8

---
lockfileVersion: '9.0'

settings:
  autoInstallPeers: true
  excludeLinksFromLockfile: false

importers:

  .:
    devDependencies:
      '@prettier/plugin-xml':
        specifier: ^0.13.1
        version: 0.13.1
      prettier:
        specifier: ^2.8.8
        version: 2.8.8

packages:

  '@prettier/plugin-xml@0.13.1':
    resolution: {integrity: sha512-jJbjvFEsxOT2Jhv2yydOvJbnSREJy+OECwHyZaYr05jLXlJeBrzy5YY1fDYpwTfKk1B2YqNExXI+x3Zm5yGfeA==}

  '@xml-tools/parser@1.0.11':
    resolution: {integrity: sha512-aKqQ077XnR+oQtHJlrAflaZaL7qZsulWc/i/ZEooar5JiWj1eLt0+Wg28cpa+XLney107wXqneC+oG1IZvxkTA==}

  chevrotain@7.1.1:
    resolution: {integrity: sha512-wy3mC1x4ye+O+QkEinVJkPf5u2vsrDIYW9G7ZuwFl6v/Yu0LwUuT2POsb+NUWApebyxfkQq6+yDfRExbnI5rcw==}

  prettier@2.8.8:
    resolution: {integrity: sha512-tdN8qQGvNjw4CHbY+XXk0JgCXn9QiF21a55rBe5LJAU+kDyC4WQn4+awm2Xfk2lQMk5fKup9XgzTZtGkjBdP9Q==}
    engines: {node: '>=10.13.0'}
    hasBin: true

  regexp-to-ast@0.5.0:
    resolution: {integrity: sha512-tlbJqcMHnPKI9zSrystikWKwHkBqu2a/Sgw01h3zFjvYrMxEDYHzzoMZnUrbIfpTFEsoRnnviOXNCzFiSc54Qw==}

snapshots:

  '@prettier/plugin-xml@0.13.1':
    dependencies:
      '@xml-tools/parser': 1.0.11
      prettier: 2.8.8

  '@xml-tools/parser@1.0.11':
    dependencies:
      chevrotain: 7.1.1

  chevrotain@7.1.1:
    dependencies:
      regexp-to-ast: 0.5.0

  prettier@2.8.8: {}

  regexp-to-ast@0.5.0: {}
